<?xml version="1.0" encoding="utf-8"?>
<Project ToolsVersion="4.0" xmlns="http://schemas.microsoft.com/developer/msbuild/2003">
  <ItemGroup>
    <ClInclude Include="stdafx.h" />
    <ClInclude Include="Log.h">
      <Filter>Logging Subsystem</Filter>
    </ClInclude>
  </ItemGroup>
  <ItemGroup>
    <ClCompile Include="stdafx.cpp" />
    <ClCompile Include="Log.cpp">
      <Filter>Logging Subsystem</Filter>
    </ClCompile>
  </ItemGroup>
  <ItemGroup>
    <Filter Include="Window Subsystem">
      <UniqueIdentifier>{c894c989-b0b1-4603-8115-479382327d30}</UniqueIdentifier>
    </Filter>
    <Filter Include="Abstract Components">
      <UniqueIdentifier>{db8ec2fc-fe5b-4e64-ba76-1d1f94d7f942}</UniqueIdentifier>
    </Filter>
    <Filter Include="Logging Subsystem">
      <UniqueIdentifier>{bc5edb23-1df7-4ebb-b75c-02a39ab37efd}</UniqueIdentifier>
    </Filter>
    <Filter Include="Math Subsystem">
      <UniqueIdentifier>{dd42c53f-43b8-4d43-b7b6-b763b16b28d3}</UniqueIdentifier>
    </Filter>
  </ItemGroup>
</Project>